// !$*UTF8*$!
{
	archiveVersion = 1;
	classes = {
	};
	objectVersion = 46;
	objects = {

/* Begin PBXBuildFile section */
		C31434781EC95BA50004BF92 /* AppDelegate.swift in Sources */ = {isa = PBXBuildFile; fileRef = C31434771EC95BA50004BF92 /* AppDelegate.swift */; };
		C314347A1EC95BA50004BF92 /* ViewController.swift in Sources */ = {isa = PBXBuildFile; fileRef = C31434791EC95BA50004BF92 /* ViewController.swift */; };
		C314347D1EC95BA50004BF92 /* Main.storyboard in Resources */ = {isa = PBXBuildFile; fileRef = C314347B1EC95BA50004BF92 /* Main.storyboard */; };
		C314347F1EC95BA50004BF92 /* Assets.xcassets in Resources */ = {isa = PBXBuildFile; fileRef = C314347E1EC95BA50004BF92 /* Assets.xcassets */; };
		C31434821EC95BA50004BF92 /* LaunchScreen.storyboard in Resources */ = {isa = PBXBuildFile; fileRef = C31434801EC95BA50004BF92 /* LaunchScreen.storyboard */; };
		C314348C1EC988440004BF92 /* CoreBluetooth.framework in Frameworks */ = {isa = PBXBuildFile; fileRef = C314348B1EC988440004BF92 /* CoreBluetooth.framework */; };
		C314348E1EC996370004BF92 /* IntroViewController.swift in Sources */ = {isa = PBXBuildFile; fileRef = C314348D1EC996370004BF92 /* IntroViewController.swift */; };
		C31434901EC996520004BF92 /* TransmitViewController.swift in Sources */ = {isa = PBXBuildFile; fileRef = C314348F1EC996520004BF92 /* TransmitViewController.swift */; };
/* End PBXBuildFile section */

/* Begin PBXFileReference section */
		C31434741EC95BA50004BF92 /* new.app */ = {isa = PBXFileReference; explicitFileType = wrapper.application; includeInIndex = 0; path = new.app; sourceTree = BUILT_PRODUCTS_DIR; };
		C31434771EC95BA50004BF92 /* AppDelegate.swift */ = {isa = PBXFileReference; lastKnownFileType = sourcecode.swift; path = AppDelegate.swift; sourceTree = "<group>"; };
		C31434791EC95BA50004BF92 /* ViewController.swift */ = {isa = PBXFileReference; lastKnownFileType = sourcecode.swift; path = ViewController.swift; sourceTree = "<group>"; };
		C314347C1EC95BA50004BF92 /* Base */ = {isa = PBXFileReference; lastKnownFileType = file.storyboard; name = Base; path = Base.lproj/Main.storyboard; sourceTree = "<group>"; };
		C314347E1EC95BA50004BF92 /* Assets.xcassets */ = {isa = PBXFileReference; lastKnownFileType = folder.assetcatalog; path = Assets.xcassets; sourceTree = "<group>"; };
		C31434811EC95BA50004BF92 /* Base */ = {isa = PBXFileReference; lastKnownFileType = file.storyboard; name = Base; path = Base.lproj/LaunchScreen.storyboard; sourceTree = "<group>"; };
		C31434831EC95BA50004BF92 /* Info.plist */ = {isa = PBXFileReference; lastKnownFileType = text.plist.xml; path = Info.plist; sourceTree = "<group>"; };
		C314348B1EC988440004BF92 /* CoreBluetooth.framework */ = {isa = PBXFileReference; lastKnownFileType = wrapper.framework; name = CoreBluetooth.framework; path = System/Library/Frameworks/CoreBluetooth.framework; sourceTree = SDKROOT; };
		C314348D1EC996370004BF92 /* IntroViewController.swift */ = {isa = PBXFileReference; fileEncoding = 4; lastKnownFileType = sourcecode.swift; path = IntroViewController.swift; sourceTree = "<group>"; };
		C314348F1EC996520004BF92 /* TransmitViewController.swift */ = {isa = PBXFileReference; fileEncoding = 4; lastKnownFileType = sourcecode.swift; path = TransmitViewController.swift; sourceTree = "<group>"; };
/* End PBXFileReference section */

/* Begin PBXFrameworksBuildPhase section */
		C31434711EC95BA50004BF92 /* Frameworks */ = {
			isa = PBXFrameworksBuildPhase;
			buildActionMask = 2147483647;
			files = (
				C314348C1EC988440004BF92 /* CoreBluetooth.framework in Frameworks */,
			);
			runOnlyForDeploymentPostprocessing = 0;
		};
/* End PBXFrameworksBuildPhase section */

/* Begin PBXGroup section */
		C314346B1EC95BA50004BF92 = {
			isa = PBXGroup;
			children = (
				C314348B1EC988440004BF92 /* CoreBluetooth.framework */,
				C31434761EC95BA50004BF92 /* new */,
				C31434751EC95BA50004BF92 /* Products */,
			);
			sourceTree = "<group>";
		};
		C31434751EC95BA50004BF92 /* Products */ = {
			isa = PBXGroup;
			children = (
				C31434741EC95BA50004BF92 /* new.app */,
			);
			name = Products;
			sourceTree = "<group>";
		};
		C31434761EC95BA50004BF92 /* new */ = {
			isa = PBXGroup;
			children = (
				C31434771EC95BA50004BF92 /* AppDelegate.swift */,
				C31434791EC95BA50004BF92 /* ViewController.swift */,
				C314347B1EC95BA50004BF92 /* Main.storyboard */,
				C314348D1EC996370004BF92 /* IntroViewController.swift */,
				C314348F1EC996520004BF92 /* TransmitViewController.swift */,
				C314347E1EC95BA50004BF92 /* Assets.xcassets */,
				C31434801EC95BA50004BF92 /* LaunchScreen.storyboard */,
				C31434831EC95BA50004BF92 /* Info.plist */,
			);
			path = new;
			sourceTree = "<group>";
		};
/* End PBXGroup section */

/* Begin PBXNativeTarget section */
		C31434731EC95BA50004BF92 /* new */ = {
			isa = PBXNativeTarget;
			buildConfigurationList = C31434861EC95BA50004BF92 /* Build configuration list for PBXNativeTarget "new" */;
			buildPhases = (
				C31434701EC95BA50004BF92 /* Sources */,
				C31434711EC95BA50004BF92 /* Frameworks */,
				C31434721EC95BA50004BF92 /* Resources */,
			);
			buildRules = (
			);
			dependencies = (
			);
			name = new;
			productName = new;
			productReference = C31434741EC95BA50004BF92 /* new.app */;
			productType = "com.apple.product-type.application";
		};
/* End PBXNativeTarget section */

/* Begin PBXProject section */
		C314346C1EC95BA50004BF92 /* Project object */ = {
			isa = PBXProject;
			attributes = {
				LastSwiftUpdateCheck = 0830;
				LastUpgradeCheck = 0830;
				ORGANIZATIONNAME = "Kyi Zar Theint";
				TargetAttributes = {
					C31434731EC95BA50004BF92 = {
						CreatedOnToolsVersion = 8.3.2;
						DevelopmentTeam = R397SMDAA7;
						ProvisioningStyle = Automatic;
					};
				};
			};
			buildConfigurationList = C314346F1EC95BA50004BF92 /* Build configuration list for PBXProject "new" */;
			compatibilityVersion = "Xcode 3.2";
			developmentRegion = English;
			hasScannedForEncodings = 0;
			knownRegions = (
				en,
				Base,
			);
			mainGroup = C314346B1EC95BA50004BF92;
			productRefGroup = C31434751EC95BA50004BF92 /* Products */;
			projectDirPath = "";
			projectRoot = "";
			targets = (
				C31434731EC95BA50004BF92 /* new */,
			);
		};
/* End PBXProject section */

/* Begin PBXResourcesBuildPhase section */
		C31434721EC95BA50004BF92 /* Resources */ = {
			isa = PBXResourcesBuildPhase;
			buildActionMask = 2147483647;
			files = (
				C31434821EC95BA50004BF92 /* LaunchScreen.storyboard in Resources */,
				C314347F1EC95BA50004BF92 /* Assets.xcassets in Resources */,
				C314347D1EC95BA50004BF92 /* Main.storyboard in Resources */,
			);
			runOnlyForDeploymentPostprocessing = 0;
		};
/* End PBXResourcesBuildPhase section */

/* Begin PBXSourcesBuildPhase section */
		C31434701EC95BA50004BF92 /* Sources */ = {
			isa = PBXSourcesBuildPhase;
			buildActionMask = 2147483647;
			files = (
				C31434901EC996520004BF92 /* TransmitViewController.swift in Sources */,
				C314348E1EC996370004BF92 /* IntroViewController.swift in Sources */,
				C314347A1EC95BA50004BF92 /* ViewController.swift in Sources */,
				C31434781EC95BA50004BF92 /* AppDelegate.swift in Sources */,
			);
			runOnlyForDeploymentPostprocessing = 0;
		};
/* End PBXSourcesBuildPhase section */

/* Begin PBXVariantGroup section */
		C314347B1EC95BA50004BF92 /* Main.storyboard */ = {
			isa = PBXVariantGroup;
			children = (
				C314347C1EC95BA50004BF92 /* Base */,
			);
			name = Main.storyboard;
			sourceTree = "<group>";
		};
		C31434801EC95BA50004BF92 /* LaunchScreen.storyboard */ = {
			isa = PBXVariantGroup;
			children = (
				C31434811EC95BA50004BF92 /* Base */,
			);
			name = LaunchScreen.storyboard;
			sourceTree = "<group>";
		};
/* End PBXVariantGroup section */

/* Begin XCBuildConfiguration section */
		C31434841EC95BA50004BF92 /* Debug */ = {
			isa = XCBuildConfiguration;
			buildSettings = {
				ALWAYS_SEARCH_USER_PATHS = NO;
				CLANG_ANALYZER_NONNULL = YES;
				CLANG_ANALYZER_NUMBER_OBJECT_CONVERSION = YES_AGGRESSIVE;
				CLANG_CXX_LANGUAGE_STANDARD = "gnu++0x";
				CLANG_CXX_LIBRARY = "libc++";
				CLANG_ENABLE_MODULES = YES;
				CLANG_ENABLE_OBJC_ARC = YES;
				CLANG_WARN_BOOL_CONVERSION = YES;
				CLANG_WARN_CONSTANT_CONVERSION = YES;
				CLANG_WARN_DIRECT_OBJC_ISA_USAGE = YES_ERROR;
				CLANG_WARN_DOCUMENTATION_COMMENTS = YES;
				CLANG_WARN_EMPTY_BODY = YES;
				CLANG_WARN_ENUM_CONVERSION = YES;
				CLANG_WARN_INFINITE_RECURSION = YES;
				CLANG_WARN_INT_CONVERSION = YES;
				CLANG_WARN_OBJC_ROOT_CLASS = YES_ERROR;
				CLANG_WARN_SUSPICIOUS_MOVE = YES;
				CLANG_WARN_UNREACHABLE_CODE = YES;
				CLANG_WARN__DUPLICATE_METHOD_MATCH = YES;
				"CODE_SIGN_IDENTITY[sdk=iphoneos*]" = "iPhone Developer";
				COPY_PHASE_STRIP = NO;
				DEBUG_INFORMATION_FORMAT = dwarf;
				ENABLE_STRICT_OBJC_MSGSEND = YES;
				ENABLE_TESTABILITY = YES;
				GCC_C_LANGUAGE_STANDARD = gnu99;
				GCC_DYNAMIC_NO_PIC = NO;
				GCC_NO_COMMON_BLOCKS = YES;
				GCC_OPTIMIZATION_LEVEL = 0;
				GCC_PREPROCESSOR_DEFINITIONS = (
					"DEBUG=1",
					"$(inherited)",
				);
				GCC_WARN_64_TO_32_BIT_CONVERSION = YES;
				GCC_WARN_ABOUT_RETURN_TYPE = YES_ERROR;
				GCC_WARN_UNDECLARED_SELECTOR = YES;
				GCC_WARN_UNINITIALIZED_AUTOS = YES_AGGRESSIVE;
				GCC_WARN_UNUSED_FUNCTION = YES;
				GCC_WARN_UNUSED_VARIABLE = YES;
				IPHONEOS_DEPLOYMENT_TARGET = 10.3;
				MTL_ENABLE_DEBUG_INFO = YES;
				ONLY_ACTIVE_ARCH = YES;
				SDKROOT = iphoneos;
				SWIFT_ACTIVE_COMPILATION_CONDITIONS = DEBUG;
				SWIFT_OPTIMIZATION_LEVEL = "-Onone";
			};
			name = Debug;
		};
		C31434851EC95BA50004BF92 /* Release */ = {
			isa = XCBuildConfiguration;
			buildSettings = {
				ALWAYS_SEARCH_USER_PATHS = NO;
				CLANG_ANALYZER_NONNULL = YES;
				CLANG_ANALYZER_NUMBER_OBJECT_CONVERSION = YES_AGGRESSIVE;
				CLANG_CXX_LANGUAGE_STANDARD = "gnu++0x";
				CLANG_CXX_LIBRARY = "libc++";
				CLANG_ENABLE_MODULES = YES;
				CLANG_ENABLE_OBJC_ARC = YES;
				CLANG_WARN_BOOL_CONVERSION = YES;
				CLANG_WARN_CONSTANT_CONVERSION = YES;
				CLANG_WARN_DIRECT_OBJC_ISA_USAGE = YES_ERROR;
				CLANG_WARN_DOCUMENTATION_COMMENTS = YES;
				CLANG_WARN_EMPTY_BODY = YES;
				CLANG_WARN_ENUM_CONVERSION = YES;
				CLANG_WARN_INFINITE_RECURSION = YES;
				CLANG_WARN_INT_CONVERSION = YES;
				CLANG_WARN_OBJC_ROOT_CLASS = YES_ERROR;
				CLANG_WARN_SUSPICIOUS_MOVE = YES;
				CLANG_WARN_UNREACHABLE_CODE = YES;
				CLANG_WARN__DUPLICATE_METHOD_MATCH = YES;
				"CODE_SIGN_IDENTITY[sdk=iphoneos*]" = "iPhone Developer";
				COPY_PHASE_STRIP = NO;
				DEBUG_INFORMATION_FORMAT = "dwarf-with-dsym";
				ENABLE_NS_ASSERTIONS = NO;
				ENABLE_STRICT_OBJC_MSGSEND = YES;
				GCC_C_LANGUAGE_STANDARD = gnu99;
				GCC_NO_COMMON_BLOCKS = YES;
				GCC_WARN_64_TO_32_BIT_CONVERSION = YES;
				GCC_WARN_ABOUT_RETURN_TYPE = YES_ERROR;
				GCC_WARN_UNDECLARED_SELECTOR = YES;
				GCC_WARN_UNINITIALIZED_AUTOS = YES_AGGRESSIVE;
				GCC_WARN_UNUSED_FUNCTION = YES;
				GCC_WARN_UNUSED_VARIABLE = YES;
				IPHONEOS_DEPLOYMENT_TARGET = 10.3;
				MTL_ENABLE_DEBUG_INFO = NO;
				SDKROOT = iphoneos;
				SWIFT_OPTIMIZATION_LEVEL = "-Owholemodule";
				VALIDATE_PRODUCT = YES;
			};
			name = Release;
		};
		C31434871EC95BA50004BF92 /* Debug */ = {
			isa = XCBuildConfiguration;
			buildSettings = {
				ASSETCATALOG_COMPILER_APPICON_NAME = AppIcon;
				DEVELOPMENT_TEAM = R397SMDAA7;
				INFOPLIST_FILE = new/Info.plist;
				LD_RUNPATH_SEARCH_PATHS = "$(inherited) @executable_path/Frameworks";
				PRODUCT_BUNDLE_IDENTIFIER = com.kyizar.new;
				PRODUCT_NAME = "$(TARGET_NAME)";
				SWIFT_VERSION = 3.0;
			};
			name = Debug;
		};
		C31434881EC95BA50004BF92 /* Release */ = {
			isa = XCBuildConfiguration;
			buildSettings = {
				ASSETCATALOG_COMPILER_APPICON_NAME = AppIcon;
				DEVELOPMENT_TEAM = R397SMDAA7;
				INFOPLIST_FILE = new/Info.plist;
				LD_RUNPATH_SEARCH_PATHS = "$(inherited) @executable_path/Frameworks";
				PRODUCT_BUNDLE_IDENTIFIER = com.kyizar.new;
				PRODUCT_NAME = "$(TARGET_NAME)";
				SWIFT_VERSION = 3.0;
			};
			name = Release;
		};
/* End XCBuildConfiguration section */

/* Begin XCConfigurationList section */
		C314346F1EC95BA50004BF92 /* Build configuration list for PBXProject "new" */ = {
			isa = XCConfigurationList;
			buildConfigurations = (
				C31434841EC95BA50004BF92 /* Debug */,
				C31434851EC95BA50004BF92 /* Release */,
			);
			defaultConfigurationIsVisible = 0;
			defaultConfigurationName = Release;
		};
		C31434861EC95BA50004BF92 /* Build configuration list for PBXNativeTarget "new" */ = {
			isa = XCConfigurationList;
			buildConfigurations = (
				C31434871EC95BA50004BF92 /* Debug */,
				C31434881EC95BA50004BF92 /* Release */,
			);
			defaultConfigurationIsVisible = 0;
		};
/* End XCConfigurationList section */
	};
	rootObject = C314346C1EC95BA50004BF92 /* Project object */;
}
